<?xml version="1.0" encoding="utf-8"?>
<Project ToolsVersion="4.0" xmlns="http://schemas.microsoft.com/developer/msbuild/2003">
  <ItemGroup>
    <Filter Include="Source Files">
      <UniqueIdentifier>{4FC737F1-C7A5-4376-A066-2A32D752A2FF}</UniqueIdentifier>
      <Extensions>cpp;c;cc;cxx;c++;cppm;ixx;def;odl;idl;hpj;bat;asm;asmx</Extensions>
    </Filter>
    <Filter Include="Header Files">
      <UniqueIdentifier>{93995380-89BD-4b04-88EB-625FBE52EBFB}</UniqueIdentifier>
      <Extensions>h;hh;hpp;hxx;h++;hm;inl;inc;ipp;xsd</Extensions>
    </Filter>
    <Filter Include="Resource Files">
      <UniqueIdentifier>{67DA6AB6-F800-4c08-8B7A-83BB121AAD01}</UniqueIdentifier>
      <Extensions>rc;ico;cur;bmp;dlg;rc2;rct;bin;rgs;gif;jpg;jpeg;jpe;resx;tiff;tif;png;wav;mfcribbon-ms</Extensions>
    </Filter>
    <Filter Include="Source Files\GUI">
      <UniqueIdentifier>{757de27d-0480-4f32-a0c4-2d076c620062}</UniqueIdentifier>
    </Filter>
    <Filter Include="Source Files\Camera">
      <UniqueIdentifier>{dd8c0260-6ea3-4e86-afc4-d00ba517823f}</UniqueIdentifier>
    </Filter>
    <Filter Include="Source Files\Objects">
      <UniqueIdentifier>{5a66b29f-6baf-44ab-bbf5-e3aa3c51f238}</UniqueIdentifier>
    </Filter>
    <Filter Include="Source Files\Levels">
      <UniqueIdentifier>{c8793c7f-f900-44c4-ba04-94ed5610591b}</UniqueIdentifier>
    </Filter>
    <Filter Include="Source Files\Mesh / Shader">
      <UniqueIdentifier>{ffe7048a-5963-4439-b5d9-4027d1125c3d}</UniqueIdentifier>
    </Filter>
    <Filter Include="Header Files\Objects">
      <UniqueIdentifier>{88454cdf-94c6-4d24-b296-207a1b2e9f92}</UniqueIdentifier>
    </Filter>
    <Filter Include="Header Files\GUI">
      <UniqueIdentifier>{0c9f6e9a-89e9-465d-8078-ac5cdae186d7}</UniqueIdentifier>
    </Filter>
    <Filter Include="Header Files\Camera">
      <UniqueIdentifier>{e74ce2b4-0c1a-46f7-8994-bf9b843527af}</UniqueIdentifier>
    </Filter>
    <Filter Include="Header Files\Level">
      <UniqueIdentifier>{6cf0c31c-1332-48d2-aa98-3c6479f92b93}</UniqueIdentifier>
    </Filter>
    <Filter Include="Header Files\Rendering">
      <UniqueIdentifier>{15b52efa-429c-45f7-97e0-eef368da867e}</UniqueIdentifier>
    </Filter>
    <Filter Include="Header Files\Objects\InteractableObjects">
      <UniqueIdentifier>{1e96b487-0335-4bdc-b38b-2a4f3ac9e9d5}</UniqueIdentifier>
    </Filter>
    <Filter Include="Source Files\Objects\Interactable Objects">
      <UniqueIdentifier>{5c632df0-3269-4e7e-99c6-7f3212aa88ab}</UniqueIdentifier>
    </Filter>
    <Filter Include="Header Files\DesignPattern">
      <UniqueIdentifier>{3c0d6d83-e04c-4f8a-bb59-cf2cee8c3fd8}</UniqueIdentifier>
    </Filter>
    <Filter Include="Source Files\DesignPattern">
      <UniqueIdentifier>{e97af8ff-67c7-4089-b786-a7484161742a}</UniqueIdentifier>
    </Filter>
    <Filter Include="Header Files\Manager">
      <UniqueIdentifier>{4d3a5ef8-89b6-4226-b08c-a99448444ade}</UniqueIdentifier>
    </Filter>
    <Filter Include="Source Files\Manager">
      <UniqueIdentifier>{6894ebf5-9240-46c2-a85a-8e3689258634}</UniqueIdentifier>
    </Filter>
    <Filter Include="Header Files\GameDesign Stuffs">
      <UniqueIdentifier>{1c58edfa-4f8d-4b7d-a1d9-c0a7f59dee6e}</UniqueIdentifier>
    </Filter>
    <Filter Include="Header Files\Objects\Enemy Types">
      <UniqueIdentifier>{27718ca1-3064-44e2-97ad-8839a75b0e51}</UniqueIdentifier>
    </Filter>
    <Filter Include="Source Files\Objects\Enemy Types">
      <UniqueIdentifier>{723d16bd-d7c3-472f-bdeb-ffa1e6c61793}</UniqueIdentifier>
    </Filter>
    <Filter Include="Header Files\Objects\Player Stuffs">
      <UniqueIdentifier>{1ce2eecb-8357-4efe-ac5a-a7e694448bd9}</UniqueIdentifier>
    </Filter>
  </ItemGroup>
  <ItemGroup>
    <ClCompile Include="GameData.cpp">
      <Filter>Source Files</Filter>
    </ClCompile>
    <ClCompile Include="GameEngine.cpp">
      <Filter>Source Files</Filter>
    </ClCompile>
    <ClCompile Include="GameStateController.cpp">
      <Filter>Source Files</Filter>
    </ClCompile>
    <ClCompile Include="GLRenderer.cpp">
      <Filter>Source Files</Filter>
    </ClCompile>
    <ClCompile Include="Main.cpp">
      <Filter>Source Files</Filter>
    </ClCompile>
    <ClCompile Include="MeshVbo.cpp">
      <Filter>Source Files</Filter>
    </ClCompile>
    <ClCompile Include="Button.cpp">
      <Filter>Source Files\GUI</Filter>
    </ClCompile>
    <ClCompile Include="GUI.cpp">
      <Filter>Source Files\GUI</Filter>
    </ClCompile>
    <ClCompile Include="Camera.cpp">
      <Filter>Source Files\Camera</Filter>
    </ClCompile>
    <ClCompile Include="Entity.cpp">
      <Filter>Source Files\Objects</Filter>
    </ClCompile>
    <ClCompile Include="DrawableObject.cpp">
      <Filter>Source Files\Objects</Filter>
    </ClCompile>
    <ClCompile Include="TriangleMeshVbo.cpp">
      <Filter>Source Files\Mesh / Shader</Filter>
    </ClCompile>
    <ClCompile Include="SquareMeshVbo.cpp">
      <Filter>Source Files\Mesh / Shader</Filter>
    </ClCompile>
    <ClCompile Include="SpriteObject.cpp">
      <Filter>Source Files\Objects</Filter>
    </ClCompile>
    <ClCompile Include="Level.cpp">
      <Filter>Source Files\Levels</Filter>
    </ClCompile>
    <ClCompile Include="Level3.cpp">
      <Filter>Source Files\Levels</Filter>
    </ClCompile>
    <ClCompile Include="LevelTest.cpp">
      <Filter>Source Files\Levels</Filter>
    </ClCompile>
    <ClCompile Include="Shader.cpp">
      <Filter>Source Files\Mesh / Shader</Filter>
    </ClCompile>
    <ClCompile Include="ImageObject.cpp">
      <Filter>Source Files\Objects</Filter>
    </ClCompile>
    <ClCompile Include="GameObject.cpp">
      <Filter>Source Files\Objects</Filter>
    </ClCompile>
    <ClCompile Include="InvisibleObject.cpp">
      <Filter>Source Files\Objects</Filter>
    </ClCompile>
    <ClCompile Include="Player.cpp">
      <Filter>Source Files\Objects</Filter>
    </ClCompile>
    <ClCompile Include="Flower.cpp">
      <Filter>Source Files\Objects\Interactable Objects</Filter>
    </ClCompile>
    <ClCompile Include="InteractableObject.cpp">
      <Filter>Source Files\Objects\Interactable Objects</Filter>
    </ClCompile>
    <ClCompile Include="InteractableObjectManager.cpp">
      <Filter>Source Files\Objects\Interactable Objects</Filter>
    </ClCompile>
    <ClCompile Include="CameraController.cpp">
      <Filter>Source Files\Camera</Filter>
    </ClCompile>
    <ClCompile Include="CheckPoint.cpp">
      <Filter>Source Files\Manager</Filter>
    </ClCompile>
    <ClCompile Include="HPBar.cpp">
      <Filter>Source Files\GUI</Filter>
    </ClCompile>
    <ClCompile Include="Subject.cpp">
      <Filter>Source Files\DesignPattern</Filter>
    </ClCompile>
    <ClCompile Include="Observer.cpp">
      <Filter>Source Files\DesignPattern</Filter>
    </ClCompile>
    <ClCompile Include="Raycast.cpp">
      <Filter>Source Files</Filter>
    </ClCompile>
    <ClCompile Include="Decon.cpp">
      <Filter>Source Files\Objects\Enemy Types</Filter>
    </ClCompile>
    <ClCompile Include="ReSpawner.cpp">
      <Filter>Source Files</Filter>
    </ClCompile>
    <ClCompile Include="Skill.cpp">
      <Filter>Header Files\Objects\Player Stuffs</Filter>
    </ClCompile>
    <ClCompile Include="Hiding.cpp">
      <Filter>Source Files\Objects\Interactable Objects</Filter>
    </ClCompile>
    <ClCompile Include="Audio.cpp">
      <Filter>Source Files</Filter>
    </ClCompile>
    <ClCompile Include="Trap.cpp">
      <Filter>Source Files\Objects\Interactable Objects</Filter>
    </ClCompile>
    <ClCompile Include="TileMap.cpp">
      <Filter>Source Files\Objects</Filter>
    </ClCompile>
    <ClCompile Include="Bishop.cpp">
      <Filter>Source Files\Objects\Enemy Types</Filter>
    </ClCompile>
    <ClCompile Include="Enemy.cpp">
      <Filter>Source Files\Objects\Enemy Types</Filter>
    </ClCompile>
    <ClCompile Include="Level2.cpp">
      <Filter>Source Files\Levels</Filter>
    </ClCompile>
    <ClCompile Include="MenuHolder.cpp">
      <Filter>Source Files\GUI</Filter>
    </ClCompile>
    <ClCompile Include="EntityData.cpp">
      <Filter>Source Files\Objects</Filter>
    </ClCompile>
    <ClCompile Include="AnimatorManager.cpp">
      <Filter>Source Files\Manager</Filter>
    </ClCompile>
    <ClCompile Include="Gate.cpp">
      <Filter>Source Files\Objects\Interactable Objects</Filter>
    </ClCompile>
    <ClCompile Include="Level4.cpp">
      <Filter>Source Files\Levels</Filter>
    </ClCompile>
  </ItemGroup>
  <ItemGroup>
    <ClInclude Include="GameData.h">
      <Filter>Header Files</Filter>
    </ClInclude>
    <ClInclude Include="GameEngine.h">
      <Filter>Header Files</Filter>
    </ClInclude>
    <ClInclude Include="GameStateController.h">
      <Filter>Header Files</Filter>
    </ClInclude>
    <ClInclude Include="GameStateList.h">
      <Filter>Header Files</Filter>
    </ClInclude>
    <ClInclude Include="DrawableObject.h">
      <Filter>Header Files\Objects</Filter>
    </ClInclude>
    <ClInclude Include="GameObject.h">
      <Filter>Header Files\Objects</Filter>
    </ClInclude>
    <ClInclude Include="ImageObject.h">
      <Filter>Header Files\Objects</Filter>
    </ClInclude>
    <ClInclude Include="Button.h">
      <Filter>Header Files\GUI</Filter>
    </ClInclude>
    <ClInclude Include="GUI.h">
      <Filter>Header Files\GUI</Filter>
    </ClInclude>
    <ClInclude Include="Camera.h">
      <Filter>Header Files\Camera</Filter>
    </ClInclude>
    <ClInclude Include="LevelTest.h">
      <Filter>Header Files\Level</Filter>
    </ClInclude>
    <ClInclude Include="Level3.h">
      <Filter>Header Files\Level</Filter>
    </ClInclude>
    <ClInclude Include="Level.h">
      <Filter>Header Files\Level</Filter>
    </ClInclude>
    <ClInclude Include="SpriteObject.h">
      <Filter>Header Files\Objects</Filter>
    </ClInclude>
    <ClInclude Include="SquareMeshVbo.h">
      <Filter>Header Files\Rendering</Filter>
    </ClInclude>
    <ClInclude Include="TriangleMeshVbo.h">
      <Filter>Header Files\Rendering</Filter>
    </ClInclude>
    <ClInclude Include="MeshVbo.h">
      <Filter>Header Files\Rendering</Filter>
    </ClInclude>
    <ClInclude Include="Shader.h">
      <Filter>Header Files\Rendering</Filter>
    </ClInclude>
    <ClInclude Include="GLRenderer.h">
      <Filter>Header Files\Rendering</Filter>
    </ClInclude>
    <ClInclude Include="InvisibleObject.h">
      <Filter>Header Files\Objects</Filter>
    </ClInclude>
    <ClInclude Include="Entity.h">
      <Filter>Header Files\Objects</Filter>
    </ClInclude>
    <ClInclude Include="Flower.h">
      <Filter>Header Files\Objects\InteractableObjects</Filter>
    </ClInclude>
    <ClInclude Include="Subject.h">
      <Filter>Header Files\DesignPattern</Filter>
    </ClInclude>
    <ClInclude Include="CheckPoint.h">
      <Filter>Header Files\Manager</Filter>
    </ClInclude>
    <ClInclude Include="InteractableObject.h">
      <Filter>Header Files\Objects\InteractableObjects</Filter>
    </ClInclude>
    <ClInclude Include="InteractableObjectManager.h">
      <Filter>Header Files\Objects\InteractableObjects</Filter>
    </ClInclude>
    <ClInclude Include="CameraController.h">
      <Filter>Header Files\Camera</Filter>
    </ClInclude>
    <ClInclude Include="HPBar.h">
      <Filter>Header Files\GUI</Filter>
    </ClInclude>
    <ClInclude Include="Raycast.h">
      <Filter>Header Files\GameDesign Stuffs</Filter>
    </ClInclude>
    <ClInclude Include="Decon.h">
      <Filter>Header Files\Objects\Enemy Types</Filter>
    </ClInclude>
    <ClInclude Include="Enemy.h">
      <Filter>Header Files\Objects\Enemy Types</Filter>
    </ClInclude>
    <ClInclude Include="ReSpawner.h">
      <Filter>Header Files\GameDesign Stuffs</Filter>
    </ClInclude>
    <ClInclude Include="Player.h">
      <Filter>Header Files\Objects\Player Stuffs</Filter>
    </ClInclude>
    <ClInclude Include="Audio.h">
      <Filter>Header Files</Filter>
    </ClInclude>
    <ClInclude Include="TileMap.h">
      <Filter>Header Files\Rendering</Filter>
    </ClInclude>
    <ClInclude Include="Hiding.h">
      <Filter>Header Files\Objects\InteractableObjects</Filter>
    </ClInclude>
    <ClInclude Include="Trap.h">
      <Filter>Header Files\Objects\InteractableObjects</Filter>
    </ClInclude>
    <ClInclude Include="Observer.h">
      <Filter>Header Files\DesignPattern</Filter>
    </ClInclude>
    <ClInclude Include="Bishop.h">
      <Filter>Header Files\Objects\Enemy Types</Filter>
    </ClInclude>
    <ClInclude Include="Level2.h">
      <Filter>Header Files\Level</Filter>
    </ClInclude>
    <ClInclude Include="AnimatorManager.h">
      <Filter>Header Files\Manager</Filter>
    </ClInclude>
    <ClInclude Include="Manager.h">
      <Filter>Header Files\Manager</Filter>
    </ClInclude>
    <ClInclude Include="MenuHolder.h">
      <Filter>Header Files\GUI</Filter>
    </ClInclude>
    <ClInclude Include="EntityData.h">
      <Filter>Header Files\Objects</Filter>
    </ClInclude>
    <ClInclude Include="Gate.h">
      <Filter>Header Files\Objects\InteractableObjects</Filter>
    </ClInclude>
    <ClInclude Include="Level4.h">
      <Filter>Header Files\Level</Filter>
    </ClInclude>
  </ItemGroup>
  <ItemGroup>
    <None Include="..\Resource\Shader\fragment.shd">
      <Filter>Resource Files</Filter>
    </None>
    <None Include="..\Resource\Shader\vertext.shd">
      <Filter>Resource Files</Filter>
    </None>
    <None Include="blur.shd">
      <Filter>Resource Files</Filter>
    </None>
  </ItemGroup>
</Project>